
Microsoft Visual Studio Solution File, Format Version 12.00
# Visual Studio Version 16
VisualStudioVersion = 16.0.28803.202
MinimumVisualStudioVersion = 10.0.40219.1
Project("{FAE04EC0-301F-11D3-BF4B-00C04F79EFBC}") = "DailyMiracle.Android", "DailyMiracle\DailyMiracle.Android\DailyMiracle.Android.csproj", "{34778B34-C2F6-4CE1-B873-6C401734B210}"
EndProject
Project("{FAE04EC0-301F-11D3-BF4B-00C04F79EFBC}") = "DailyMiracle", "DailyMiracle\DailyMiracle\DailyMiracle.csproj", "{A21BE3CB-2F4C-4352-B65C-A333452667A4}"
EndProject
Global
	GlobalSection(SolutionConfigurationPlatforms) = preSolution
		Debug|Any CPU = Debug|Any CPU
		Release|Any CPU = Release|Any CPU
	EndGlobalSection
	GlobalSection(ProjectConfigurationPlatforms) = postSolution
		{34778B34-C2F6-4CE1-B873-6C401734B210}.Debug|Any CPU.ActiveCfg = Debug|Any CPU
		{34778B34-C2F6-4CE1-B873-6C401734B210}.Debug|Any CPU.Build.0 = Debug|Any CPU
		{34778B34-C2F6-4CE1-B873-6C401734B210}.Debug|Any CPU.Deploy.0 = Debug|Any CPU
		{34778B34-C2F6-4CE1-B873-6C401734B210}.Release|Any CPU.ActiveCfg = Release|Any CPU
		{34778B34-C2F6-4CE1-B873-6C401734B210}.Release|Any CPU.Build.0 = Release|Any CPU
		{34778B34-C2F6-4CE1-B873-6C401734B210}.Release|Any CPU.Deploy.0 = Release|Any CPU
		{A21BE3CB-2F4C-4352-B65C-A333452667A4}.Debug|Any CPU.ActiveCfg = Debug|Any CPU
		{A21BE3CB-2F4C-4352-B65C-A333452667A4}.Debug|Any CPU.Build.0 = Debug|Any CPU
		{A21BE3CB-2F4C-4352-B65C-A333452667A4}.Debug|Any CPU.Deploy.0 = Debug|Any CPU
		{A21BE3CB-2F4C-4352-B65C-A333452667A4}.Release|Any CPU.ActiveCfg = Release|Any CPU
		{A21BE3CB-2F4C-4352-B65C-A333452667A4}.Release|Any CPU.Build.0 = Release|Any CPU
		{A21BE3CB-2F4C-4352-B65C-A333452667A4}.Release|Any CPU.Deploy.0 = Release|Any CPU
	EndGlobalSection
	GlobalSection(SolutionProperties) = preSolution
		HideSolutionNode = FALSE
	EndGlobalSection
	GlobalSection(ExtensibilityGlobals) = postSolution
		SolutionGuid = {B0808A04-EBA9-4DE1-9E65-7DEFFA1A9687}
	EndGlobalSection
EndGlobal
